{
	"name": "lit-app",
	"version": "0.0.0",
	"lockfileVersion": 2,
	"requires": true,
	"packages": {
		"": {
			"version": "0.0.0",
			"dependencies": {
				"@material/mwc-drawer": "^0.21.0",
				"@material/mwc-icon-button": "^0.21.0",
				"@material/mwc-top-app-bar": "^0.21.0",
				"@vaadin/router": "^1.7.4",
				"lit": "^2.0.0-rc.2"
			},
			"devDependencies": {
				"typescript": "^4.1.3",
				"vite": "^2.3.5"
			}
		},
		"node_modules/@lit/reactive-element": {
			"version": "1.0.0-rc.2",
			"resolved": "https://registry.npmjs.org/@lit/reactive-element/-/reactive-element-1.0.0-rc.2.tgz",
			"integrity": "sha512-cujeIl5Ei8FC7UHf4/4Q3bRJOtdTe1vpJV/JEBYCggedmQ+2P8A2oz7eE+Vxi6OJ4nc0X+KZxXnBoH4QrEbmEQ=="
		},
		"node_modules/@material/animation": {
			"version": "12.0.0-canary.197f64fa2.0",
			"resolved": "https://registry.npmjs.org/@material/animation/-/animation-12.0.0-canary.197f64fa2.0.tgz",
			"integrity": "sha512-SMkEHENcSy8jYYPg+ZmMGvI5YobU5FlYw0MPsg/RUxBdelt9OMQYELgJW3y7RrppF/tpJoZuYnZwyeUJc4OhLQ==",
			"dependencies": {
				"tslib": "^2.1.0"
			}
		},
		"node_modules/@material/base": {
			"version": "12.0.0-canary.197f64fa2.0",
			"resolved": "https://registry.npmjs.org/@material/base/-/base-12.0.0-canary.197f64fa2.0.tgz",
			"integrity": "sha512-aMPQ4eM95ZQDY53WzcSEbNhZAqRmYzgumpYEdz5PjOKO66lHparMUXlbQ2LqKhMrKuNg/LWY3Ncl8nL0h0LWfA==",
			"dependencies": {
				"tslib": "^2.1.0"
			}
		},
		"node_modules/@material/density": {
			"version": "12.0.0-canary.197f64fa2.0",
			"resolved": "https://registry.npmjs.org/@material/density/-/density-12.0.0-canary.197f64fa2.0.tgz",
			"integrity": "sha512-6iTkkLBPh+NgDXmjWiGeRSz0FtdWSDG1JTnpNAsu+4wrvt6xAxEDJPu2A5umqI9mXAyMoeOpSsd6I4f5CcpwVA==",
			"dependencies": {
				"tslib": "^2.1.0"
			}
		},
		"node_modules/@material/dom": {
			"version": "12.0.0-canary.197f64fa2.0",
			"resolved": "https://registry.npmjs.org/@material/dom/-/dom-12.0.0-canary.197f64fa2.0.tgz",
			"integrity": "sha512-uoX4Z0EbrigvHp/M2MzG0S0DNMivTY0U6E0WCiDVo8YrY67NJLSyVJnTpNhtthrCWJInKMcOUJwj73H6/GxX1A==",
			"dependencies": {
				"@material/feature-targeting": "12.0.0-canary.197f64fa2.0",
				"tslib": "^2.1.0"
			}
		},
		"node_modules/@material/drawer": {
			"version": "12.0.0-canary.197f64fa2.0",
			"resolved": "https://registry.npmjs.org/@material/drawer/-/drawer-12.0.0-canary.197f64fa2.0.tgz",
			"integrity": "sha512-a9aIgMc96HIUX4LU4qYILVzP3ixHM1/1XMMgrk+7yr4dnhxigDIpvsRPt09LlOUumVPwr88ifiYY2772olYuZg==",
			"dependencies": {
				"@material/animation": "12.0.0-canary.197f64fa2.0",
				"@material/base": "12.0.0-canary.197f64fa2.0",
				"@material/dom": "12.0.0-canary.197f64fa2.0",
				"@material/elevation": "12.0.0-canary.197f64fa2.0",
				"@material/feature-targeting": "12.0.0-canary.197f64fa2.0",
				"@material/list": "12.0.0-canary.197f64fa2.0",
				"@material/ripple": "12.0.0-canary.197f64fa2.0",
				"@material/rtl": "12.0.0-canary.197f64fa2.0",
				"@material/shape": "12.0.0-canary.197f64fa2.0",
				"@material/theme": "12.0.0-canary.197f64fa2.0",
				"@material/typography": "12.0.0-canary.197f64fa2.0",
				"tslib": "^2.1.0"
			}
		},
		"node_modules/@material/elevation": {
			"version": "12.0.0-canary.197f64fa2.0",
			"resolved": "https://registry.npmjs.org/@material/elevation/-/elevation-12.0.0-canary.197f64fa2.0.tgz",
			"integrity": "sha512-Ijv5IqfBFT5SrvAdJ+Hkh9IBKM8qN1oND6cIK1bhVyV8WP8OLzeAo2Z1gKIvd3CyP0LqXalPUtjSbugTt3DYug==",
			"dependencies": {
				"@material/animation": "12.0.0-canary.197f64fa2.0",
				"@material/base": "12.0.0-canary.197f64fa2.0",
				"@material/feature-targeting": "12.0.0-canary.197f64fa2.0",
				"@material/theme": "12.0.0-canary.197f64fa2.0",
				"tslib": "^2.1.0"
			}
		},
		"node_modules/@material/feature-targeting": {
			"version": "12.0.0-canary.197f64fa2.0",
			"resolved": "https://registry.npmjs.org/@material/feature-targeting/-/feature-targeting-12.0.0-canary.197f64fa2.0.tgz",
			"integrity": "sha512-KZoxPbl0iCsESx11bAZ0qeAQJ7eqI6+nBX0T9AaJ5GFELP168uhkINDJX0TvQf5fgTNkEpeQrncJRaFuqHQTMg==",
			"dependencies": {
				"tslib": "^2.1.0"
			}
		},
		"node_modules/@material/list": {
			"version": "12.0.0-canary.197f64fa2.0",
			"resolved": "https://registry.npmjs.org/@material/list/-/list-12.0.0-canary.197f64fa2.0.tgz",
			"integrity": "sha512-EGE/WxZIbNK2fO+RKam4lnAq301fng4nK3tWeIQDRfL2MU8OvnE66Se1KcKUgvRWNUOqOLFgPzJ8U1QFlcJLGQ==",
			"dependencies": {
				"@material/base": "12.0.0-canary.197f64fa2.0",
				"@material/density": "12.0.0-canary.197f64fa2.0",
				"@material/dom": "12.0.0-canary.197f64fa2.0",
				"@material/feature-targeting": "12.0.0-canary.197f64fa2.0",
				"@material/ripple": "12.0.0-canary.197f64fa2.0",
				"@material/rtl": "12.0.0-canary.197f64fa2.0",
				"@material/shape": "12.0.0-canary.197f64fa2.0",
				"@material/theme": "12.0.0-canary.197f64fa2.0",
				"@material/typography": "12.0.0-canary.197f64fa2.0",
				"tslib": "^2.1.0"
			}
		},
		"node_modules/@material/mwc-base": {
			"version": "0.21.0",
			"resolved": "https://registry.npmjs.org/@material/mwc-base/-/mwc-base-0.21.0.tgz",
			"integrity": "sha512-yaXnsgMBtz8NEHLhoA6LNPip/8CWKDOdC6HZAPTBQH+ZnyQ8JvqATGSP0YrkiGg34jNVE8gNrbkI85GzNVKmCA==",
			"dependencies": {
				"@material/base": "=12.0.0-canary.197f64fa2.0",
				"@material/dom": "=12.0.0-canary.197f64fa2.0",
				"lit-element": "~2.4.0",
				"tslib": "^2.0.1"
			}
		},
		"node_modules/@material/mwc-drawer": {
			"version": "0.21.0",
			"resolved": "https://registry.npmjs.org/@material/mwc-drawer/-/mwc-drawer-0.21.0.tgz",
			"integrity": "sha512-X8fWIm4XgnJc0OZ2gHfPP/EPvy00U82raBfM/ASq7MvL3DCNLazYeDLr/2GcgCk/voLMh0sVxW/Kpo4SxI16GA==",
			"dependencies": {
				"@material/drawer": "=12.0.0-canary.197f64fa2.0",
				"@material/mwc-base": "^0.21.0",
				"blocking-elements": "^0.1.0",
				"lit-element": "~2.4.0",
				"lit-html": "^1.1.2",
				"tslib": "^2.0.1",
				"wicg-inert": "^3.0.0"
			}
		},
		"node_modules/@material/mwc-icon-button": {
			"version": "0.21.0",
			"resolved": "https://registry.npmjs.org/@material/mwc-icon-button/-/mwc-icon-button-0.21.0.tgz",
			"integrity": "sha512-puJb956mvzlalDPhkHqb3AgVLO8nZUdHqDpzgX4WgIuQXOXhU1IYKbJpMv3CJG/xpbtETuzftvK5OZ5vO4sfRw==",
			"dependencies": {
				"@material/mwc-ripple": "^0.21.0",
				"lit-element": "~2.4.0",
				"tslib": "^2.0.1"
			}
		},
		"node_modules/@material/mwc-ripple": {
			"version": "0.21.0",
			"resolved": "https://registry.npmjs.org/@material/mwc-ripple/-/mwc-ripple-0.21.0.tgz",
			"integrity": "sha512-4UnUmtEBGJ9qH+bqUz7ydwt3G0sjtqUDujz2d5EFn5Iv6ddo1btcbRCWMm80oKSE4tevfTUMW0+3hlaAqrx8fg==",
			"dependencies": {
				"@material/dom": "=12.0.0-canary.197f64fa2.0",
				"@material/mwc-base": "^0.21.0",
				"@material/ripple": "=12.0.0-canary.197f64fa2.0",
				"lit-element": "~2.4.0",
				"lit-html": "^1.1.2",
				"tslib": "^2.0.1"
			}
		},
		"node_modules/@material/mwc-top-app-bar": {
			"version": "0.21.0",
			"resolved": "https://registry.npmjs.org/@material/mwc-top-app-bar/-/mwc-top-app-bar-0.21.0.tgz",
			"integrity": "sha512-EM4C+iDWnHEjvA1cgFWukZ6xZwxIVEYjTQ/zs0DE8/cHmPxu1xQOXJdAZbGAnh0acSiUY3tcYrxsc+izL58BOQ==",
			"dependencies": {
				"@material/mwc-base": "^0.21.0",
				"@material/top-app-bar": "=12.0.0-canary.197f64fa2.0",
				"lit-element": "~2.4.0",
				"lit-html": "^1.1.2",
				"tslib": "^2.0.1"
			}
		},
		"node_modules/@material/ripple": {
			"version": "12.0.0-canary.197f64fa2.0",
			"resolved": "https://registry.npmjs.org/@material/ripple/-/ripple-12.0.0-canary.197f64fa2.0.tgz",
			"integrity": "sha512-KnwaJ4tb83uATp8dPePSeairxfLKpOhFjAwIqNUAuM2oxMGHQU4F6TU1lNuoH9J4gy+yK3uwmtCqMbQYe265MA==",
			"dependencies": {
				"@material/animation": "12.0.0-canary.197f64fa2.0",
				"@material/base": "12.0.0-canary.197f64fa2.0",
				"@material/dom": "12.0.0-canary.197f64fa2.0",
				"@material/feature-targeting": "12.0.0-canary.197f64fa2.0",
				"@material/theme": "12.0.0-canary.197f64fa2.0",
				"tslib": "^2.1.0"
			}
		},
		"node_modules/@material/rtl": {
			"version": "12.0.0-canary.197f64fa2.0",
			"resolved": "https://registry.npmjs.org/@material/rtl/-/rtl-12.0.0-canary.197f64fa2.0.tgz",
			"integrity": "sha512-pW9qIPdUhNWKQPjXU2P97BfHiKH9nR3bCGmr1LYj1f7vEZL2zsnNPvsOh3I+BJgtxXLp6eqshv/daGF5Juufsg==",
			"dependencies": {
				"@material/theme": "12.0.0-canary.197f64fa2.0",
				"tslib": "^2.1.0"
			}
		},
		"node_modules/@material/shape": {
			"version": "12.0.0-canary.197f64fa2.0",
			"resolved": "https://registry.npmjs.org/@material/shape/-/shape-12.0.0-canary.197f64fa2.0.tgz",
			"integrity": "sha512-oeA8A1EhSf6XjSidDpd05wvCO16LpL1nl7Ba00OnSR4tgRza/bNMQ5snOCDOHbOlGKojXI78KqUKX5hTjojnQA==",
			"dependencies": {
				"@material/feature-targeting": "12.0.0-canary.197f64fa2.0",
				"@material/rtl": "12.0.0-canary.197f64fa2.0",
				"@material/theme": "12.0.0-canary.197f64fa2.0",
				"tslib": "^2.1.0"
			}
		},
		"node_modules/@material/theme": {
			"version": "12.0.0-canary.197f64fa2.0",
			"resolved": "https://registry.npmjs.org/@material/theme/-/theme-12.0.0-canary.197f64fa2.0.tgz",
			"integrity": "sha512-7juM8i8nU1LfQjmknAi8OdUwg+Db2XYL9LBQNyQ0pib/WguuydLCwqZWckGGClBsyenn7MLCwIn//GtB5YO1eg==",
			"dependencies": {
				"@material/feature-targeting": "12.0.0-canary.197f64fa2.0",
				"tslib": "^2.1.0"
			}
		},
		"node_modules/@material/top-app-bar": {
			"version": "12.0.0-canary.197f64fa2.0",
			"resolved": "https://registry.npmjs.org/@material/top-app-bar/-/top-app-bar-12.0.0-canary.197f64fa2.0.tgz",
			"integrity": "sha512-g27K1BFloCYyLrgnBkfzjIZayeUxGiu5KqgZ03f7swE1s/2isk2FDZdx15boixS/4NpaT8RiC9aZqki/j98F6g==",
			"dependencies": {
				"@material/animation": "12.0.0-canary.197f64fa2.0",
				"@material/base": "12.0.0-canary.197f64fa2.0",
				"@material/elevation": "12.0.0-canary.197f64fa2.0",
				"@material/ripple": "12.0.0-canary.197f64fa2.0",
				"@material/rtl": "12.0.0-canary.197f64fa2.0",
				"@material/shape": "12.0.0-canary.197f64fa2.0",
				"@material/theme": "12.0.0-canary.197f64fa2.0",
				"@material/typography": "12.0.0-canary.197f64fa2.0",
				"tslib": "^2.1.0"
			}
		},
		"node_modules/@material/typography": {
			"version": "12.0.0-canary.197f64fa2.0",
			"resolved": "https://registry.npmjs.org/@material/typography/-/typography-12.0.0-canary.197f64fa2.0.tgz",
			"integrity": "sha512-Yj9FH5UwXzJxci7a0zpToVnlqZBn11+Pi27YkmzqviAPHB6bsVg1UOQF9xMjZ7rNsjvK0SLtfeBIJ7rEsIxVjg==",
			"dependencies": {
				"@material/feature-targeting": "12.0.0-canary.197f64fa2.0",
				"@material/theme": "12.0.0-canary.197f64fa2.0",
				"tslib": "^2.1.0"
			}
		},
		"node_modules/@types/trusted-types": {
			"version": "1.0.6",
			"resolved": "https://registry.npmjs.org/@types/trusted-types/-/trusted-types-1.0.6.tgz",
			"integrity": "sha512-230RC8sFeHoT6sSUlRO6a8cAnclO06eeiq1QDfiv2FGCLWFvvERWgwIQD4FWqD9A69BN7Lzee4OXwoMVnnsWDw=="
		},
		"node_modules/@vaadin/router": {
			"version": "1.7.4",
			"resolved": "https://registry.npmjs.org/@vaadin/router/-/router-1.7.4.tgz",
			"integrity": "sha512-B4JVtzFVUMlsjuJHNXEMfNZrM4QDrdeOMc6EEigiHYxwF82py6yDdP6SWP0aPoP3f6aQHt51tLWdXSpkKpWf7A==",
			"dependencies": {
				"@vaadin/vaadin-usage-statistics": "^2.1.0",
				"path-to-regexp": "2.4.0"
			}
		},
		"node_modules/@vaadin/vaadin-development-mode-detector": {
			"version": "2.0.4",
			"resolved": "https://registry.npmjs.org/@vaadin/vaadin-development-mode-detector/-/vaadin-development-mode-detector-2.0.4.tgz",
			"integrity": "sha512-S+PaFrZpK8uBIOnIHxjntTrgumd5ztuCnZww96ydGKXgo9whXfZsbMwDuD/102a/IuPUMyF+dh/n3PbWzJ6igA=="
		},
		"node_modules/@vaadin/vaadin-usage-statistics": {
			"version": "2.1.0",
			"resolved": "https://registry.npmjs.org/@vaadin/vaadin-usage-statistics/-/vaadin-usage-statistics-2.1.0.tgz",
			"integrity": "sha512-e81nbqY5zsaYhLJuOVkJkB/Um1pGK5POIqIlTNhUfjeoyGaJ63tiX8+D5n6F+GgVxUTLUarsKa6SKRcQel0AzA==",
			"hasInstallScript": true,
			"dependencies": {
				"@vaadin/vaadin-development-mode-detector": "^2.0.0"
			}
		},
		"node_modules/blocking-elements": {
			"version": "0.1.1",
			"resolved": "https://registry.npmjs.org/blocking-elements/-/blocking-elements-0.1.1.tgz",
			"integrity": "sha512-/SLWbEzMoVIMZACCyhD/4Ya2M1PWP1qMKuiymowPcI+PdWDARqeARBjhj73kbUBCxEmTZCUu5TAqxtwUO9C1Ig=="
		},
		"node_modules/colorette": {
			"version": "1.2.2",
			"resolved": "https://registry.npmjs.org/colorette/-/colorette-1.2.2.tgz",
			"integrity": "sha512-MKGMzyfeuutC/ZJ1cba9NqcNpfeqMUcYmyF1ZFY6/Cn7CNSAKx6a+s48sqLqyAiZuaP2TcqMhoo+dlwFnVxT9w==",
			"dev": true
		},
		"node_modules/esbuild": {
			"version": "0.12.6",
			"resolved": "https://registry.npmjs.org/esbuild/-/esbuild-0.12.6.tgz",
			"integrity": "sha512-RDvVLvAjsq/kIZJoneMiUOH7EE7t2QaW7T3Q7EdQij14+bZbDq5sndb0tTanmHIFSqZVMBMMyqzVHkS3dJobeA==",
			"dev": true,
			"hasInstallScript": true,
			"bin": {
				"esbuild": "bin/esbuild"
			}
		},
		"node_modules/fsevents": {
			"version": "2.3.2",
			"resolved": "https://registry.npmjs.org/fsevents/-/fsevents-2.3.2.tgz",
			"integrity": "sha512-xiqMQR4xAeHTuB9uWm+fFRcIOgKBMiOBP+eXiyT7jsgVCq1bkVygt00oASowB7EdtpOHaaPgKt812P9ab+DDKA==",
			"dev": true,
			"hasInstallScript": true,
			"optional": true,
			"os": [
				"darwin"
			],
			"engines": {
				"node": "^8.16.0 || ^10.6.0 || >=11.0.0"
			}
		},
		"node_modules/function-bind": {
			"version": "1.1.1",
			"resolved": "https://registry.npmjs.org/function-bind/-/function-bind-1.1.1.tgz",
			"integrity": "sha512-yIovAzMX49sF8Yl58fSCWJ5svSLuaibPxXQJFLmBObTuCr0Mf1KiPopGM9NiFjiYBCbfaa2Fh6breQ6ANVTI0A==",
			"dev": true
		},
		"node_modules/has": {
			"version": "1.0.3",
			"resolved": "https://registry.npmjs.org/has/-/has-1.0.3.tgz",
			"integrity": "sha512-f2dvO0VU6Oej7RkWJGrehjbzMAjFp5/VKPp5tTpWIV4JHHZK1/BxbFRtf/siA2SWTe09caDmVtYYzWEIbBS4zw==",
			"dev": true,
			"dependencies": {
				"function-bind": "^1.1.1"
			},
			"engines": {
				"node": ">= 0.4.0"
			}
		},
		"node_modules/is-core-module": {
			"version": "2.4.0",
			"resolved": "https://registry.npmjs.org/is-core-module/-/is-core-module-2.4.0.tgz",
			"integrity": "sha512-6A2fkfq1rfeQZjxrZJGerpLCTHRNEBiSgnu0+obeJpEPZRUooHgsizvzv0ZjJwOz3iWIHdJtVWJ/tmPr3D21/A==",
			"dev": true,
			"dependencies": {
				"has": "^1.0.3"
			},
			"funding": {
				"url": "https://github.com/sponsors/ljharb"
			}
		},
		"node_modules/lit": {
			"version": "2.0.0-rc.2",
			"resolved": "https://registry.npmjs.org/lit/-/lit-2.0.0-rc.2.tgz",
			"integrity": "sha512-BOCuoJR04WaTV8UqTKk09cNcQA10Aq2LCcBOiHuF7TzWH5RNDsbCBP5QM9sLBSotGTXbDug/gFO08jq6TbyEtw==",
			"dependencies": {
				"@lit/reactive-element": "^1.0.0-rc.2",
				"lit-element": "^3.0.0-rc.2",
				"lit-html": "^2.0.0-rc.3"
			}
		},
		"node_modules/lit-element": {
			"version": "2.4.0",
			"resolved": "https://registry.npmjs.org/lit-element/-/lit-element-2.4.0.tgz",
			"integrity": "sha512-pBGLglxyhq/Prk2H91nA0KByq/hx/wssJBQFiYqXhGDvEnY31PRGYf1RglVzyLeRysu0IHm2K0P196uLLWmwFg==",
			"dependencies": {
				"lit-html": "^1.1.1"
			}
		},
		"node_modules/lit-html": {
			"version": "1.4.1",
			"resolved": "https://registry.npmjs.org/lit-html/-/lit-html-1.4.1.tgz",
			"integrity": "sha512-B9btcSgPYb1q4oSOb/PrOT6Z/H+r6xuNzfH4lFli/AWhYwdtrgQkQWBbIc6mdnf6E2IL3gDXdkkqNktpU0OZQA=="
		},
		"node_modules/lit/node_modules/lit-element": {
			"version": "3.0.0-rc.2",
			"resolved": "https://registry.npmjs.org/lit-element/-/lit-element-3.0.0-rc.2.tgz",
			"integrity": "sha512-2Z7DabJ3b5K+p5073vFjMODoaWqy5PIaI4y6ADKm+fCGc8OnX9fU9dMoUEBZjFpd/bEFR9PBp050tUtBnT9XTQ==",
			"dependencies": {
				"@lit/reactive-element": "^1.0.0-rc.2",
				"lit-html": "^2.0.0-rc.3"
			}
		},
		"node_modules/lit/node_modules/lit-html": {
			"version": "2.0.0-rc.3",
			"resolved": "https://registry.npmjs.org/lit-html/-/lit-html-2.0.0-rc.3.tgz",
			"integrity": "sha512-Y6P8LlAyQuqvzq6l/Nc4z5/P5M/rVLYKQIRxcNwSuGajK0g4kbcBFQqZmgvqKG+ak+dHZjfm2HUw9TF5N/pkCw==",
			"dependencies": {
				"@types/trusted-types": "^1.0.1"
			}
		},
		"node_modules/nanoid": {
			"version": "3.1.23",
			"resolved": "https://registry.npmjs.org/nanoid/-/nanoid-3.1.23.tgz",
			"integrity": "sha512-FiB0kzdP0FFVGDKlRLEQ1BgDzU87dy5NnzjeW9YZNt+/c3+q82EQDUwniSAUxp/F0gFNI1ZhKU1FqYsMuqZVnw==",
			"dev": true,
			"bin": {
				"nanoid": "bin/nanoid.cjs"
			},
			"engines": {
				"node": "^10 || ^12 || ^13.7 || ^14 || >=15.0.1"
			}
		},
		"node_modules/path-parse": {
			"version": "1.0.7",
			"resolved": "https://registry.npmjs.org/path-parse/-/path-parse-1.0.7.tgz",
			"integrity": "sha512-LDJzPVEEEPR+y48z93A0Ed0yXb8pAByGWo/k5YYdYgpY2/2EsOsksJrq7lOHxryrVOn1ejG6oAp8ahvOIQD8sw==",
			"dev": true
		},
		"node_modules/path-to-regexp": {
			"version": "2.4.0",
			"resolved": "https://registry.npmjs.org/path-to-regexp/-/path-to-regexp-2.4.0.tgz",
			"integrity": "sha512-G6zHoVqC6GGTQkZwF4lkuEyMbVOjoBKAEybQUypI1WTkqinCOrq2x6U2+phkJ1XsEMTy4LjtwPI7HW+NVrRR2w=="
		},
		"node_modules/postcss": {
			"version": "8.3.0",
			"resolved": "https://registry.npmjs.org/postcss/-/postcss-8.3.0.tgz",
			"integrity": "sha512-+ogXpdAjWGa+fdYY5BQ96V/6tAo+TdSSIMP5huJBIygdWwKtVoB5JWZ7yUd4xZ8r+8Kvvx4nyg/PQ071H4UtcQ==",
			"dev": true,
			"dependencies": {
				"colorette": "^1.2.2",
				"nanoid": "^3.1.23",
				"source-map-js": "^0.6.2"
			},
			"engines": {
				"node": "^10 || ^12 || >=14"
			},
			"funding": {
				"type": "opencollective",
				"url": "https://opencollective.com/postcss/"
			}
		},
		"node_modules/resolve": {
			"version": "1.20.0",
			"resolved": "https://registry.npmjs.org/resolve/-/resolve-1.20.0.tgz",
			"integrity": "sha512-wENBPt4ySzg4ybFQW2TT1zMQucPK95HSh/nq2CFTZVOGut2+pQvSsgtda4d26YrYcr067wjbmzOG8byDPBX63A==",
			"dev": true,
			"dependencies": {
				"is-core-module": "^2.2.0",
				"path-parse": "^1.0.6"
			},
			"funding": {
				"url": "https://github.com/sponsors/ljharb"
			}
		},
		"node_modules/rollup": {
			"version": "2.50.6",
			"resolved": "https://registry.npmjs.org/rollup/-/rollup-2.50.6.tgz",
			"integrity": "sha512-6c5CJPLVgo0iNaZWWliNu1Kl43tjP9LZcp6D/tkf2eLH2a9/WeHxg9vfTFl8QV/2SOyaJX37CEm9XuGM0rviUg==",
			"dev": true,
			"bin": {
				"rollup": "dist/bin/rollup"
			},
			"engines": {
				"node": ">=10.0.0"
			},
			"optionalDependencies": {
				"fsevents": "~2.3.1"
			}
		},
		"node_modules/source-map-js": {
			"version": "0.6.2",
			"resolved": "https://registry.npmjs.org/source-map-js/-/source-map-js-0.6.2.tgz",
			"integrity": "sha512-/3GptzWzu0+0MBQFrDKzw/DvvMTUORvgY6k6jd/VS6iCR4RDTKWH6v6WPwQoUO8667uQEf9Oe38DxAYWY5F/Ug==",
			"dev": true,
			"engines": {
				"node": ">=0.10.0"
			}
		},
		"node_modules/tslib": {
			"version": "2.2.0",
			"resolved": "https://registry.npmjs.org/tslib/-/tslib-2.2.0.tgz",
			"integrity": "sha512-gS9GVHRU+RGn5KQM2rllAlR3dU6m7AcpJKdtH8gFvQiC4Otgk98XnmMU+nZenHt/+VhnBPWwgrJsyrdcw6i23w=="
		},
		"node_modules/typescript": {
			"version": "4.3.2",
			"resolved": "https://registry.npmjs.org/typescript/-/typescript-4.3.2.tgz",
			"integrity": "sha512-zZ4hShnmnoVnAHpVHWpTcxdv7dWP60S2FsydQLV8V5PbS3FifjWFFRiHSWpDJahly88PRyV5teTSLoq4eG7mKw==",
			"dev": true,
			"bin": {
				"tsc": "bin/tsc",
				"tsserver": "bin/tsserver"
			},
			"engines": {
				"node": ">=4.2.0"
			}
		},
		"node_modules/vite": {
			"version": "2.3.6",
			"resolved": "https://registry.npmjs.org/vite/-/vite-2.3.6.tgz",
			"integrity": "sha512-fsEpNKDHgh3Sn66JH06ZnUBnIgUVUtw6ucDhlOj1CEqxIkymU25yv1/kWDPlIjyYHnalr0cN6V+zzUJ+fmWHYw==",
			"dev": true,
			"dependencies": {
				"esbuild": "^0.12.5",
				"postcss": "^8.2.10",
				"resolve": "^1.19.0",
				"rollup": "^2.38.5"
			},
			"bin": {
				"vite": "bin/vite.js"
			},
			"engines": {
				"node": ">=12.0.0"
			},
			"optionalDependencies": {
				"fsevents": "~2.3.1"
			}
		},
		"node_modules/wicg-inert": {
			"version": "3.1.1",
			"resolved": "https://registry.npmjs.org/wicg-inert/-/wicg-inert-3.1.1.tgz",
			"integrity": "sha512-PhBaNh8ur9Xm4Ggy4umelwNIP6pPP1bv3EaWaKqfb/QNme2rdLjm7wIInvV4WhxVHhzA4Spgw9qNSqWtB/ca2A=="
		}
	},
	"dependencies": {
		"@lit/reactive-element": {
			"version": "1.0.0-rc.2",
			"resolved": "https://registry.npmjs.org/@lit/reactive-element/-/reactive-element-1.0.0-rc.2.tgz",
			"integrity": "sha512-cujeIl5Ei8FC7UHf4/4Q3bRJOtdTe1vpJV/JEBYCggedmQ+2P8A2oz7eE+Vxi6OJ4nc0X+KZxXnBoH4QrEbmEQ=="
		},
		"@material/animation": {
			"version": "12.0.0-canary.197f64fa2.0",
			"resolved": "https://registry.npmjs.org/@material/animation/-/animation-12.0.0-canary.197f64fa2.0.tgz",
			"integrity": "sha512-SMkEHENcSy8jYYPg+ZmMGvI5YobU5FlYw0MPsg/RUxBdelt9OMQYELgJW3y7RrppF/tpJoZuYnZwyeUJc4OhLQ==",
			"requires": {
				"tslib": "^2.1.0"
			}
		},
		"@material/base": {
			"version": "12.0.0-canary.197f64fa2.0",
			"resolved": "https://registry.npmjs.org/@material/base/-/base-12.0.0-canary.197f64fa2.0.tgz",
			"integrity": "sha512-aMPQ4eM95ZQDY53WzcSEbNhZAqRmYzgumpYEdz5PjOKO66lHparMUXlbQ2LqKhMrKuNg/LWY3Ncl8nL0h0LWfA==",
			"requires": {
				"tslib": "^2.1.0"
			}
		},
		"@material/density": {
			"version": "12.0.0-canary.197f64fa2.0",
			"resolved": "https://registry.npmjs.org/@material/density/-/density-12.0.0-canary.197f64fa2.0.tgz",
			"integrity": "sha512-6iTkkLBPh+NgDXmjWiGeRSz0FtdWSDG1JTnpNAsu+4wrvt6xAxEDJPu2A5umqI9mXAyMoeOpSsd6I4f5CcpwVA==",
			"requires": {
				"tslib": "^2.1.0"
			}
		},
		"@material/dom": {
			"version": "12.0.0-canary.197f64fa2.0",
			"resolved": "https://registry.npmjs.org/@material/dom/-/dom-12.0.0-canary.197f64fa2.0.tgz",
			"integrity": "sha512-uoX4Z0EbrigvHp/M2MzG0S0DNMivTY0U6E0WCiDVo8YrY67NJLSyVJnTpNhtthrCWJInKMcOUJwj73H6/GxX1A==",
			"requires": {
				"@material/feature-targeting": "12.0.0-canary.197f64fa2.0",
				"tslib": "^2.1.0"
			}
		},
		"@material/drawer": {
			"version": "12.0.0-canary.197f64fa2.0",
			"resolved": "https://registry.npmjs.org/@material/drawer/-/drawer-12.0.0-canary.197f64fa2.0.tgz",
			"integrity": "sha512-a9aIgMc96HIUX4LU4qYILVzP3ixHM1/1XMMgrk+7yr4dnhxigDIpvsRPt09LlOUumVPwr88ifiYY2772olYuZg==",
			"requires": {
				"@material/animation": "12.0.0-canary.197f64fa2.0",
				"@material/base": "12.0.0-canary.197f64fa2.0",
				"@material/dom": "12.0.0-canary.197f64fa2.0",
				"@material/elevation": "12.0.0-canary.197f64fa2.0",
				"@material/feature-targeting": "12.0.0-canary.197f64fa2.0",
				"@material/list": "12.0.0-canary.197f64fa2.0",
				"@material/ripple": "12.0.0-canary.197f64fa2.0",
				"@material/rtl": "12.0.0-canary.197f64fa2.0",
				"@material/shape": "12.0.0-canary.197f64fa2.0",
				"@material/theme": "12.0.0-canary.197f64fa2.0",
				"@material/typography": "12.0.0-canary.197f64fa2.0",
				"tslib": "^2.1.0"
			}
		},
		"@material/elevation": {
			"version": "12.0.0-canary.197f64fa2.0",
			"resolved": "https://registry.npmjs.org/@material/elevation/-/elevation-12.0.0-canary.197f64fa2.0.tgz",
			"integrity": "sha512-Ijv5IqfBFT5SrvAdJ+Hkh9IBKM8qN1oND6cIK1bhVyV8WP8OLzeAo2Z1gKIvd3CyP0LqXalPUtjSbugTt3DYug==",
			"requires": {
				"@material/animation": "12.0.0-canary.197f64fa2.0",
				"@material/base": "12.0.0-canary.197f64fa2.0",
				"@material/feature-targeting": "12.0.0-canary.197f64fa2.0",
				"@material/theme": "12.0.0-canary.197f64fa2.0",
				"tslib": "^2.1.0"
			}
		},
		"@material/feature-targeting": {
			"version": "12.0.0-canary.197f64fa2.0",
			"resolved": "https://registry.npmjs.org/@material/feature-targeting/-/feature-targeting-12.0.0-canary.197f64fa2.0.tgz",
			"integrity": "sha512-KZoxPbl0iCsESx11bAZ0qeAQJ7eqI6+nBX0T9AaJ5GFELP168uhkINDJX0TvQf5fgTNkEpeQrncJRaFuqHQTMg==",
			"requires": {
				"tslib": "^2.1.0"
			}
		},
		"@material/list": {
			"version": "12.0.0-canary.197f64fa2.0",
			"resolved": "https://registry.npmjs.org/@material/list/-/list-12.0.0-canary.197f64fa2.0.tgz",
			"integrity": "sha512-EGE/WxZIbNK2fO+RKam4lnAq301fng4nK3tWeIQDRfL2MU8OvnE66Se1KcKUgvRWNUOqOLFgPzJ8U1QFlcJLGQ==",
			"requires": {
				"@material/base": "12.0.0-canary.197f64fa2.0",
				"@material/density": "12.0.0-canary.197f64fa2.0",
				"@material/dom": "12.0.0-canary.197f64fa2.0",
				"@material/feature-targeting": "12.0.0-canary.197f64fa2.0",
				"@material/ripple": "12.0.0-canary.197f64fa2.0",
				"@material/rtl": "12.0.0-canary.197f64fa2.0",
				"@material/shape": "12.0.0-canary.197f64fa2.0",
				"@material/theme": "12.0.0-canary.197f64fa2.0",
				"@material/typography": "12.0.0-canary.197f64fa2.0",
				"tslib": "^2.1.0"
			}
		},
		"@material/mwc-base": {
			"version": "0.21.0",
			"resolved": "https://registry.npmjs.org/@material/mwc-base/-/mwc-base-0.21.0.tgz",
			"integrity": "sha512-yaXnsgMBtz8NEHLhoA6LNPip/8CWKDOdC6HZAPTBQH+ZnyQ8JvqATGSP0YrkiGg34jNVE8gNrbkI85GzNVKmCA==",
			"requires": {
				"@material/base": "=12.0.0-canary.197f64fa2.0",
				"@material/dom": "=12.0.0-canary.197f64fa2.0",
				"lit-element": "~2.4.0",
				"tslib": "^2.0.1"
			}
		},
		"@material/mwc-drawer": {
			"version": "0.21.0",
			"resolved": "https://registry.npmjs.org/@material/mwc-drawer/-/mwc-drawer-0.21.0.tgz",
			"integrity": "sha512-X8fWIm4XgnJc0OZ2gHfPP/EPvy00U82raBfM/ASq7MvL3DCNLazYeDLr/2GcgCk/voLMh0sVxW/Kpo4SxI16GA==",
			"requires": {
				"@material/drawer": "=12.0.0-canary.197f64fa2.0",
				"@material/mwc-base": "^0.21.0",
				"blocking-elements": "^0.1.0",
				"lit-element": "~2.4.0",
				"lit-html": "^1.1.2",
				"tslib": "^2.0.1",
				"wicg-inert": "^3.0.0"
			}
		},
		"@material/mwc-icon-button": {
			"version": "0.21.0",
			"resolved": "https://registry.npmjs.org/@material/mwc-icon-button/-/mwc-icon-button-0.21.0.tgz",
			"integrity": "sha512-puJb956mvzlalDPhkHqb3AgVLO8nZUdHqDpzgX4WgIuQXOXhU1IYKbJpMv3CJG/xpbtETuzftvK5OZ5vO4sfRw==",
			"requires": {
				"@material/mwc-ripple": "^0.21.0",
				"lit-element": "~2.4.0",
				"tslib": "^2.0.1"
			}
		},
		"@material/mwc-ripple": {
			"version": "0.21.0",
			"resolved": "https://registry.npmjs.org/@material/mwc-ripple/-/mwc-ripple-0.21.0.tgz",
			"integrity": "sha512-4UnUmtEBGJ9qH+bqUz7ydwt3G0sjtqUDujz2d5EFn5Iv6ddo1btcbRCWMm80oKSE4tevfTUMW0+3hlaAqrx8fg==",
			"requires": {
				"@material/dom": "=12.0.0-canary.197f64fa2.0",
				"@material/mwc-base": "^0.21.0",
				"@material/ripple": "=12.0.0-canary.197f64fa2.0",
				"lit-element": "~2.4.0",
				"lit-html": "^1.1.2",
				"tslib": "^2.0.1"
			}
		},
		"@material/mwc-top-app-bar": {
			"version": "0.21.0",
			"resolved": "https://registry.npmjs.org/@material/mwc-top-app-bar/-/mwc-top-app-bar-0.21.0.tgz",
			"integrity": "sha512-EM4C+iDWnHEjvA1cgFWukZ6xZwxIVEYjTQ/zs0DE8/cHmPxu1xQOXJdAZbGAnh0acSiUY3tcYrxsc+izL58BOQ==",
			"requires": {
				"@material/mwc-base": "^0.21.0",
				"@material/top-app-bar": "=12.0.0-canary.197f64fa2.0",
				"lit-element": "~2.4.0",
				"lit-html": "^1.1.2",
				"tslib": "^2.0.1"
			}
		},
		"@material/ripple": {
			"version": "12.0.0-canary.197f64fa2.0",
			"resolved": "https://registry.npmjs.org/@material/ripple/-/ripple-12.0.0-canary.197f64fa2.0.tgz",
			"integrity": "sha512-KnwaJ4tb83uATp8dPePSeairxfLKpOhFjAwIqNUAuM2oxMGHQU4F6TU1lNuoH9J4gy+yK3uwmtCqMbQYe265MA==",
			"requires": {
				"@material/animation": "12.0.0-canary.197f64fa2.0",
				"@material/base": "12.0.0-canary.197f64fa2.0",
				"@material/dom": "12.0.0-canary.197f64fa2.0",
				"@material/feature-targeting": "12.0.0-canary.197f64fa2.0",
				"@material/theme": "12.0.0-canary.197f64fa2.0",
				"tslib": "^2.1.0"
			}
		},
		"@material/rtl": {
			"version": "12.0.0-canary.197f64fa2.0",
			"resolved": "https://registry.npmjs.org/@material/rtl/-/rtl-12.0.0-canary.197f64fa2.0.tgz",
			"integrity": "sha512-pW9qIPdUhNWKQPjXU2P97BfHiKH9nR3bCGmr1LYj1f7vEZL2zsnNPvsOh3I+BJgtxXLp6eqshv/daGF5Juufsg==",
			"requires": {
				"@material/theme": "12.0.0-canary.197f64fa2.0",
				"tslib": "^2.1.0"
			}
		},
		"@material/shape": {
			"version": "12.0.0-canary.197f64fa2.0",
			"resolved": "https://registry.npmjs.org/@material/shape/-/shape-12.0.0-canary.197f64fa2.0.tgz",
			"integrity": "sha512-oeA8A1EhSf6XjSidDpd05wvCO16LpL1nl7Ba00OnSR4tgRza/bNMQ5snOCDOHbOlGKojXI78KqUKX5hTjojnQA==",
			"requires": {
				"@material/feature-targeting": "12.0.0-canary.197f64fa2.0",
				"@material/rtl": "12.0.0-canary.197f64fa2.0",
				"@material/theme": "12.0.0-canary.197f64fa2.0",
				"tslib": "^2.1.0"
			}
		},
		"@material/theme": {
			"version": "12.0.0-canary.197f64fa2.0",
			"resolved": "https://registry.npmjs.org/@material/theme/-/theme-12.0.0-canary.197f64fa2.0.tgz",
			"integrity": "sha512-7juM8i8nU1LfQjmknAi8OdUwg+Db2XYL9LBQNyQ0pib/WguuydLCwqZWckGGClBsyenn7MLCwIn//GtB5YO1eg==",
			"requires": {
				"@material/feature-targeting": "12.0.0-canary.197f64fa2.0",
				"tslib": "^2.1.0"
			}
		},
		"@material/top-app-bar": {
			"version": "12.0.0-canary.197f64fa2.0",
			"resolved": "https://registry.npmjs.org/@material/top-app-bar/-/top-app-bar-12.0.0-canary.197f64fa2.0.tgz",
			"integrity": "sha512-g27K1BFloCYyLrgnBkfzjIZayeUxGiu5KqgZ03f7swE1s/2isk2FDZdx15boixS/4NpaT8RiC9aZqki/j98F6g==",
			"requires": {
				"@material/animation": "12.0.0-canary.197f64fa2.0",
				"@material/base": "12.0.0-canary.197f64fa2.0",
				"@material/elevation": "12.0.0-canary.197f64fa2.0",
				"@material/ripple": "12.0.0-canary.197f64fa2.0",
				"@material/rtl": "12.0.0-canary.197f64fa2.0",
				"@material/shape": "12.0.0-canary.197f64fa2.0",
				"@material/theme": "12.0.0-canary.197f64fa2.0",
				"@material/typography": "12.0.0-canary.197f64fa2.0",
				"tslib": "^2.1.0"
			}
		},
		"@material/typography": {
			"version": "12.0.0-canary.197f64fa2.0",
			"resolved": "https://registry.npmjs.org/@material/typography/-/typography-12.0.0-canary.197f64fa2.0.tgz",
			"integrity": "sha512-Yj9FH5UwXzJxci7a0zpToVnlqZBn11+Pi27YkmzqviAPHB6bsVg1UOQF9xMjZ7rNsjvK0SLtfeBIJ7rEsIxVjg==",
			"requires": {
				"@material/feature-targeting": "12.0.0-canary.197f64fa2.0",
				"@material/theme": "12.0.0-canary.197f64fa2.0",
				"tslib": "^2.1.0"
			}
		},
		"@types/trusted-types": {
			"version": "1.0.6",
			"resolved": "https://registry.npmjs.org/@types/trusted-types/-/trusted-types-1.0.6.tgz",
			"integrity": "sha512-230RC8sFeHoT6sSUlRO6a8cAnclO06eeiq1QDfiv2FGCLWFvvERWgwIQD4FWqD9A69BN7Lzee4OXwoMVnnsWDw=="
		},
		"@vaadin/router": {
			"version": "1.7.4",
			"resolved": "https://registry.npmjs.org/@vaadin/router/-/router-1.7.4.tgz",
			"integrity": "sha512-B4JVtzFVUMlsjuJHNXEMfNZrM4QDrdeOMc6EEigiHYxwF82py6yDdP6SWP0aPoP3f6aQHt51tLWdXSpkKpWf7A==",
			"requires": {
				"@vaadin/vaadin-usage-statistics": "^2.1.0",
				"path-to-regexp": "2.4.0"
			}
		},
		"@vaadin/vaadin-development-mode-detector": {
			"version": "2.0.4",
			"resolved": "https://registry.npmjs.org/@vaadin/vaadin-development-mode-detector/-/vaadin-development-mode-detector-2.0.4.tgz",
			"integrity": "sha512-S+PaFrZpK8uBIOnIHxjntTrgumd5ztuCnZww96ydGKXgo9whXfZsbMwDuD/102a/IuPUMyF+dh/n3PbWzJ6igA=="
		},
		"@vaadin/vaadin-usage-statistics": {
			"version": "2.1.0",
			"resolved": "https://registry.npmjs.org/@vaadin/vaadin-usage-statistics/-/vaadin-usage-statistics-2.1.0.tgz",
			"integrity": "sha512-e81nbqY5zsaYhLJuOVkJkB/Um1pGK5POIqIlTNhUfjeoyGaJ63tiX8+D5n6F+GgVxUTLUarsKa6SKRcQel0AzA==",
			"requires": {
				"@vaadin/vaadin-development-mode-detector": "^2.0.0"
			}
		},
		"blocking-elements": {
			"version": "0.1.1",
			"resolved": "https://registry.npmjs.org/blocking-elements/-/blocking-elements-0.1.1.tgz",
			"integrity": "sha512-/SLWbEzMoVIMZACCyhD/4Ya2M1PWP1qMKuiymowPcI+PdWDARqeARBjhj73kbUBCxEmTZCUu5TAqxtwUO9C1Ig=="
		},
		"colorette": {
			"version": "1.2.2",
			"resolved": "https://registry.npmjs.org/colorette/-/colorette-1.2.2.tgz",
			"integrity": "sha512-MKGMzyfeuutC/ZJ1cba9NqcNpfeqMUcYmyF1ZFY6/Cn7CNSAKx6a+s48sqLqyAiZuaP2TcqMhoo+dlwFnVxT9w==",
			"dev": true
		},
		"esbuild": {
			"version": "0.12.6",
			"resolved": "https://registry.npmjs.org/esbuild/-/esbuild-0.12.6.tgz",
			"integrity": "sha512-RDvVLvAjsq/kIZJoneMiUOH7EE7t2QaW7T3Q7EdQij14+bZbDq5sndb0tTanmHIFSqZVMBMMyqzVHkS3dJobeA==",
			"dev": true
		},
		"fsevents": {
			"version": "2.3.2",
			"resolved": "https://registry.npmjs.org/fsevents/-/fsevents-2.3.2.tgz",
			"integrity": "sha512-xiqMQR4xAeHTuB9uWm+fFRcIOgKBMiOBP+eXiyT7jsgVCq1bkVygt00oASowB7EdtpOHaaPgKt812P9ab+DDKA==",
			"dev": true,
			"optional": true
		},
		"function-bind": {
			"version": "1.1.1",
			"resolved": "https://registry.npmjs.org/function-bind/-/function-bind-1.1.1.tgz",
			"integrity": "sha512-yIovAzMX49sF8Yl58fSCWJ5svSLuaibPxXQJFLmBObTuCr0Mf1KiPopGM9NiFjiYBCbfaa2Fh6breQ6ANVTI0A==",
			"dev": true
		},
		"has": {
			"version": "1.0.3",
			"resolved": "https://registry.npmjs.org/has/-/has-1.0.3.tgz",
			"integrity": "sha512-f2dvO0VU6Oej7RkWJGrehjbzMAjFp5/VKPp5tTpWIV4JHHZK1/BxbFRtf/siA2SWTe09caDmVtYYzWEIbBS4zw==",
			"dev": true,
			"requires": {
				"function-bind": "^1.1.1"
			}
		},
		"is-core-module": {
			"version": "2.4.0",
			"resolved": "https://registry.npmjs.org/is-core-module/-/is-core-module-2.4.0.tgz",
			"integrity": "sha512-6A2fkfq1rfeQZjxrZJGerpLCTHRNEBiSgnu0+obeJpEPZRUooHgsizvzv0ZjJwOz3iWIHdJtVWJ/tmPr3D21/A==",
			"dev": true,
			"requires": {
				"has": "^1.0.3"
			}
		},
		"lit": {
			"version": "2.0.0-rc.2",
			"resolved": "https://registry.npmjs.org/lit/-/lit-2.0.0-rc.2.tgz",
			"integrity": "sha512-BOCuoJR04WaTV8UqTKk09cNcQA10Aq2LCcBOiHuF7TzWH5RNDsbCBP5QM9sLBSotGTXbDug/gFO08jq6TbyEtw==",
			"requires": {
				"@lit/reactive-element": "^1.0.0-rc.2",
				"lit-element": "^3.0.0-rc.2",
				"lit-html": "^2.0.0-rc.3"
			},
			"dependencies": {
				"lit-element": {
					"version": "3.0.0-rc.2",
					"resolved": "https://registry.npmjs.org/lit-element/-/lit-element-3.0.0-rc.2.tgz",
					"integrity": "sha512-2Z7DabJ3b5K+p5073vFjMODoaWqy5PIaI4y6ADKm+fCGc8OnX9fU9dMoUEBZjFpd/bEFR9PBp050tUtBnT9XTQ==",
					"requires": {
						"@lit/reactive-element": "^1.0.0-rc.2",
						"lit-html": "^2.0.0-rc.3"
					}
				},
				"lit-html": {
					"version": "2.0.0-rc.3",
					"resolved": "https://registry.npmjs.org/lit-html/-/lit-html-2.0.0-rc.3.tgz",
					"integrity": "sha512-Y6P8LlAyQuqvzq6l/Nc4z5/P5M/rVLYKQIRxcNwSuGajK0g4kbcBFQqZmgvqKG+ak+dHZjfm2HUw9TF5N/pkCw==",
					"requires": {
						"@types/trusted-types": "^1.0.1"
					}
				}
			}
		},
		"lit-element": {
			"version": "2.4.0",
			"resolved": "https://registry.npmjs.org/lit-element/-/lit-element-2.4.0.tgz",
			"integrity": "sha512-pBGLglxyhq/Prk2H91nA0KByq/hx/wssJBQFiYqXhGDvEnY31PRGYf1RglVzyLeRysu0IHm2K0P196uLLWmwFg==",
			"requires": {
				"lit-html": "^1.1.1"
			}
		},
		"lit-html": {
			"version": "1.4.1",
			"resolved": "https://registry.npmjs.org/lit-html/-/lit-html-1.4.1.tgz",
			"integrity": "sha512-B9btcSgPYb1q4oSOb/PrOT6Z/H+r6xuNzfH4lFli/AWhYwdtrgQkQWBbIc6mdnf6E2IL3gDXdkkqNktpU0OZQA=="
		},
		"nanoid": {
			"version": "3.1.23",
			"resolved": "https://registry.npmjs.org/nanoid/-/nanoid-3.1.23.tgz",
			"integrity": "sha512-FiB0kzdP0FFVGDKlRLEQ1BgDzU87dy5NnzjeW9YZNt+/c3+q82EQDUwniSAUxp/F0gFNI1ZhKU1FqYsMuqZVnw==",
			"dev": true
		},
		"path-parse": {
			"version": "1.0.7",
			"resolved": "https://registry.npmjs.org/path-parse/-/path-parse-1.0.7.tgz",
			"integrity": "sha512-LDJzPVEEEPR+y48z93A0Ed0yXb8pAByGWo/k5YYdYgpY2/2EsOsksJrq7lOHxryrVOn1ejG6oAp8ahvOIQD8sw==",
			"dev": true
		},
		"path-to-regexp": {
			"version": "2.4.0",
			"resolved": "https://registry.npmjs.org/path-to-regexp/-/path-to-regexp-2.4.0.tgz",
			"integrity": "sha512-G6zHoVqC6GGTQkZwF4lkuEyMbVOjoBKAEybQUypI1WTkqinCOrq2x6U2+phkJ1XsEMTy4LjtwPI7HW+NVrRR2w=="
		},
		"postcss": {
			"version": "8.3.0",
			"resolved": "https://registry.npmjs.org/postcss/-/postcss-8.3.0.tgz",
			"integrity": "sha512-+ogXpdAjWGa+fdYY5BQ96V/6tAo+TdSSIMP5huJBIygdWwKtVoB5JWZ7yUd4xZ8r+8Kvvx4nyg/PQ071H4UtcQ==",
			"dev": true,
			"requires": {
				"colorette": "^1.2.2",
				"nanoid": "^3.1.23",
				"source-map-js": "^0.6.2"
			}
		},
		"resolve": {
			"version": "1.20.0",
			"resolved": "https://registry.npmjs.org/resolve/-/resolve-1.20.0.tgz",
			"integrity": "sha512-wENBPt4ySzg4ybFQW2TT1zMQucPK95HSh/nq2CFTZVOGut2+pQvSsgtda4d26YrYcr067wjbmzOG8byDPBX63A==",
			"dev": true,
			"requires": {
				"is-core-module": "^2.2.0",
				"path-parse": "^1.0.6"
			}
		},
		"rollup": {
			"version": "2.50.6",
			"resolved": "https://registry.npmjs.org/rollup/-/rollup-2.50.6.tgz",
			"integrity": "sha512-6c5CJPLVgo0iNaZWWliNu1Kl43tjP9LZcp6D/tkf2eLH2a9/WeHxg9vfTFl8QV/2SOyaJX37CEm9XuGM0rviUg==",
			"dev": true,
			"requires": {
				"fsevents": "~2.3.1"
			}
		},
		"source-map-js": {
			"version": "0.6.2",
			"resolved": "https://registry.npmjs.org/source-map-js/-/source-map-js-0.6.2.tgz",
			"integrity": "sha512-/3GptzWzu0+0MBQFrDKzw/DvvMTUORvgY6k6jd/VS6iCR4RDTKWH6v6WPwQoUO8667uQEf9Oe38DxAYWY5F/Ug==",
			"dev": true
		},
		"tslib": {
			"version": "2.2.0",
			"resolved": "https://registry.npmjs.org/tslib/-/tslib-2.2.0.tgz",
			"integrity": "sha512-gS9GVHRU+RGn5KQM2rllAlR3dU6m7AcpJKdtH8gFvQiC4Otgk98XnmMU+nZenHt/+VhnBPWwgrJsyrdcw6i23w=="
		},
		"typescript": {
			"version": "4.3.2",
			"resolved": "https://registry.npmjs.org/typescript/-/typescript-4.3.2.tgz",
			"integrity": "sha512-zZ4hShnmnoVnAHpVHWpTcxdv7dWP60S2FsydQLV8V5PbS3FifjWFFRiHSWpDJahly88PRyV5teTSLoq4eG7mKw==",
			"dev": true
		},
		"vite": {
			"version": "2.3.6",
			"resolved": "https://registry.npmjs.org/vite/-/vite-2.3.6.tgz",
			"integrity": "sha512-fsEpNKDHgh3Sn66JH06ZnUBnIgUVUtw6ucDhlOj1CEqxIkymU25yv1/kWDPlIjyYHnalr0cN6V+zzUJ+fmWHYw==",
			"dev": true,
			"requires": {
				"esbuild": "^0.12.5",
				"fsevents": "~2.3.1",
				"postcss": "^8.2.10",
				"resolve": "^1.19.0",
				"rollup": "^2.38.5"
			}
		},
		"wicg-inert": {
			"version": "3.1.1",
			"resolved": "https://registry.npmjs.org/wicg-inert/-/wicg-inert-3.1.1.tgz",
			"integrity": "sha512-PhBaNh8ur9Xm4Ggy4umelwNIP6pPP1bv3EaWaKqfb/QNme2rdLjm7wIInvV4WhxVHhzA4Spgw9qNSqWtB/ca2A=="
		}
	}
}
